
Microsoft Visual Studio Solution File, Format Version 12.00
# Visual Studio Version 16
VisualStudioVersion = 16.0.30517.126
MinimumVisualStudioVersion = 10.0.40219.1
Project("{FAE04EC0-301F-11D3-BF4B-00C04F79EFBC}") = "morse code translater", "morse code translater\morse code translater.csproj", "{FFF42A23-0599-4087-A0A9-BF949D1B8970}"
EndProject
Global
	GlobalSection(SolutionConfigurationPlatforms) = preSolution
		Debug|Any CPU = Debug|Any CPU
		Release|Any CPU = Release|Any CPU
	EndGlobalSection
	GlobalSection(ProjectConfigurationPlatforms) = postSolution
		{FFF42A23-0599-4087-A0A9-BF949D1B8970}.Debug|Any CPU.ActiveCfg = Debug|Any CPU
		{FFF42A23-0599-4087-A0A9-BF949D1B8970}.Debug|Any CPU.Build.0 = Debug|Any CPU
		{FFF42A23-0599-4087-A0A9-BF949D1B8970}.Release|Any CPU.ActiveCfg = Release|Any CPU
		{FFF42A23-0599-4087-A0A9-BF949D1B8970}.Release|Any CPU.Build.0 = Release|Any CPU
	EndGlobalSection
	GlobalSection(SolutionProperties) = preSolution
		HideSolutionNode = FALSE
	EndGlobalSection
	GlobalSection(ExtensibilityGlobals) = postSolution
		SolutionGuid = {3FBBE279-41C4-4CAB-86C9-9DB79D5ED3E3}
	EndGlobalSection
EndGlobal
